﻿
Microsoft Visual Studio Solution File, Format Version 12.00
# Visual Studio Version 17
VisualStudioVersion = 17.0.31903.59
MinimumVisualStudioVersion = 10.0.40219.1
Project("{FAE04EC0-301F-11D3-BF4B-00C04F79EFBC}") = "BugPro", "BugPro\BugPro.csproj", "{58537DC1-8ACA-466C-980E-992208974760}"
EndProject
Project("{FAE04EC0-301F-11D3-BF4B-00C04F79EFBC}") = "BugTests", "BugTests\BugTests.csproj", "{67534F78-C3BC-4A57-AE8A-78152F9223AC}"
EndProject
Global
	GlobalSection(SolutionConfigurationPlatforms) = preSolution
		Debug|Any CPU = Debug|Any CPU
		Debug|x64 = Debug|x64
		Debug|x86 = Debug|x86
		Release|Any CPU = Release|Any CPU
		Release|x64 = Release|x64
		Release|x86 = Release|x86
	EndGlobalSection
	GlobalSection(ProjectConfigurationPlatforms) = postSolution
		{BugPro}.Debug|Any CPU.ActiveCfg = Debug|Any CPU
		{BugPro}.Debug|Any CPU.Build.0 = Debug|Any CPU
		{BugPro}.Debug|x64.ActiveCfg = Debug|x64
		{BugPro}.Debug|x64.Build.0 = Debug|x64
		{BugPro}.Debug|x86.ActiveCfg = Debug|x86
		{BugPro}.Debug|x86.Build.0 = Debug|x86
		{BugPro}.Release|Any CPU.ActiveCfg = Release|Any CPU
		{BugPro}.Release|Any CPU.Build.0 = Release|Any CPU
		{BugPro}.Release|x64.ActiveCfg = Release|x64
		{BugPro}.Release|x64.Build.0 = Release|x64
		{BugPro}.Release|x86.ActiveCfg = Release|x86
		{BugPro}.Release|x86.Build.0 = Release|x86
		
		{BugTests}.Debug|Any CPU.ActiveCfg = Debug|Any CPU
		{BugTests}.Debug|Any CPU.Build.0 = Debug|Any CPU
		{BugTests}.Debug|x64.ActiveCfg = Debug|x64
		{BugTests}.Debug|x64.Build.0 = Debug|x64
		{BugTests}.Debug|x86.ActiveCfg = Debug|x86
		{BugTests}.Debug|x86.Build.0 = Debug|x86
		{BugTests}.Release|Any CPU.ActiveCfg = Release|Any CPU
		{BugTests}.Release|Any CPU.Build.0 = Release|Any CPU
		{BugTests}.Release|x64.ActiveCfg = Release|x64
		{BugTests}.Release|x64.Build.0 = Release|x64
		{BugTests}.Release|x86.ActiveCfg = Release|x86
		{BugTests}.Release|x86.Build.0 = Release|x86
	EndGlobalSection
	GlobalSection(SolutionProperties) = preSolution
		HideSolutionNode = FALSE
	EndGlobalSection
EndGlobal